# Generated by pub
# See https://dart.dev/tools/pub/glossary#lockfile
packages:
  adaptivex:
    dependency: transitive
    description:
      name: adaptivex
      sha256: "3bcf399c6e639e9f065c8502cfdaec1b25fa79f77a8f27e14819e36e85b7075d"
      url: "https://pub.dev"
    source: hosted
    version: "0.0.1+6"
  animated_button:
    dependency: "direct main"
    description:
      name: animated_button
      sha256: "74c7a632e7e9befd1b56595a280bf66b4604d797c1c79c84ca38cf0607f638de"
      url: "https://pub.dev"
    source: hosted
    version: "0.2.0"
  ansicolor:
    dependency: transitive
    description:
      name: ansicolor
      sha256: "607f8fa9786f392043f169898923e6c59b4518242b68b8862eb8a8b7d9c30b4a"
      url: "https://pub.dev"
    source: hosted
    version: "2.0.1"
  archive:
    dependency: transitive
    description:
      name: archive
      sha256: ed7cc591a948744994714375caf9a2ce89e1d82e8243997c8a2994d57181c212
      url: "https://pub.dev"
    source: hosted
    version: "3.3.5"
  args:
    dependency: transitive
    description:
      name: args
      sha256: "139d809800a412ebb26a3892da228b2d0ba36f0ef5d9a82166e5e52ec8d61611"
      url: "https://pub.dev"
    source: hosted
    version: "2.3.2"
  asn1lib:
    dependency: transitive
    description:
      name: asn1lib
      sha256: ab96a1cb3beeccf8145c52e449233fe68364c9641623acd3adad66f8184f1039
      url: "https://pub.dev"
    source: hosted
    version: "1.4.0"
  async:
    dependency: transitive
    description:
      name: async
      sha256: bfe67ef28df125b7dddcea62755991f807aa39a2492a23e1550161692950bbe0
      url: "https://pub.dev"
    source: hosted
    version: "2.10.0"
  auto_size_text:
    dependency: "direct main"
    description:
      name: auto_size_text
      sha256: "3f5261cd3fb5f2a9ab4e2fc3fba84fd9fcaac8821f20a1d4e71f557521b22599"
      url: "https://pub.dev"
    source: hosted
    version: "3.0.0"
  barcode:
    dependency: transitive
    description:
      name: barcode
      sha256: "52570564684bbb0240a9f1fdb6bad12adc5e0540103c1c96d6dd550bd928b1c9"
      url: "https://pub.dev"
    source: hosted
    version: "2.2.3"
  base58check:
    dependency: transitive
    description:
      name: base58check
      sha256: "6c300dfc33e598d2fe26319e13f6243fea81eaf8204cb4c6b69ef20a625319a5"
      url: "https://pub.dev"
    source: hosted
    version: "2.0.0"
  bech32:
    dependency: transitive
    description:
      name: bech32
      sha256: "156cbace936f7720c79a79d16a03efad343b1ef17106716e04b8b8e39f99f7f7"
      url: "https://pub.dev"
    source: hosted
    version: "0.2.2"
  boolean_selector:
    dependency: transitive
    description:
      name: boolean_selector
      sha256: "6cfb5af12253eaf2b368f07bacc5a80d1301a071c73360d746b7f2e32d762c66"
      url: "https://pub.dev"
    source: hosted
    version: "2.1.1"
  characters:
    dependency: transitive
    description:
      name: characters
      sha256: e6a326c8af69605aec75ed6c187d06b349707a27fbff8222ca9cc2cff167975c
      url: "https://pub.dev"
    source: hosted
    version: "1.2.1"
  clock:
    dependency: transitive
    description:
      name: clock
      sha256: cb6d7f03e1de671e34607e909a7213e31d7752be4fb66a86d29fe1eb14bfb5cf
      url: "https://pub.dev"
    source: hosted
    version: "1.1.1"
  collection:
    dependency: transitive
    description:
      name: collection
      sha256: cfc915e6923fe5ce6e153b0723c753045de46de1b4d63771530504004a45fae0
      url: "https://pub.dev"
    source: hosted
    version: "1.17.0"
  convert:
    dependency: transitive
    description:
      name: convert
      sha256: "0f08b14755d163f6e2134cb58222dd25ea2a2ee8a195e53983d57c075324d592"
      url: "https://pub.dev"
    source: hosted
    version: "3.1.1"
  cross_file:
    dependency: transitive
    description:
      name: cross_file
      sha256: f71079978789bc2fe78d79227f1f8cfe195b31bbd8db2399b0d15a4b96fb843b
      url: "https://pub.dev"
    source: hosted
    version: "0.3.3+2"
  crypto:
    dependency: "direct main"
    description:
      name: crypto
      sha256: aa274aa7774f8964e4f4f38cc994db7b6158dd36e9187aaceaddc994b35c6c67
      url: "https://pub.dev"
    source: hosted
    version: "3.0.2"
  cupertino_icons:
    dependency: "direct main"
    description:
      name: cupertino_icons
      sha256: e35129dc44c9118cee2a5603506d823bab99c68393879edb440e0090d07586be
      url: "https://pub.dev"
    source: hosted
    version: "1.0.5"
  cupertino_stepper:
    dependency: "direct main"
    description:
      name: cupertino_stepper
      sha256: "124690b8b23db7b43fc6d547688e42a9f3d73c8f46d0b210568e98a04b5645b2"
      url: "https://pub.dev"
    source: hosted
    version: "0.2.1"
  dart_ipify:
    dependency: "direct main"
    description:
      name: dart_ipify
      sha256: "3b70d589504126107e81ad0703d91394cc8e2039cb0a11ebd92b9b824a5e9561"
      url: "https://pub.dev"
    source: hosted
    version: "1.1.1"
  data_tables:
    dependency: "direct main"
    description:
      name: data_tables
      sha256: ea2ab58295b21e2c17eb148c49276269ab0d85cf3608ed5ae2e06090de6fda51
      url: "https://pub.dev"
    source: hosted
    version: "1.4.0"
  date_time_picker:
    dependency: "direct main"
    description:
      name: date_time_picker
      sha256: "6923c568bcb67a66ab7e083708d0adbcae8214b41bb84d49febc17e89e06fc4a"
      url: "https://pub.dev"
    source: hosted
    version: "2.1.0"
  dropdown_button2:
    dependency: "direct main"
    description:
      name: dropdown_button2
      sha256: "32a252fda0be26ea30a604972179e39838f976794cfa32c636b2d3831d9922c3"
      url: "https://pub.dev"
    source: hosted
    version: "1.9.1"
  email_auth:
    dependency: "direct main"
    description:
      name: email_auth
      sha256: a382b6d510c2f6a5dad5e424b693168c65681fff29d36d0abec7916472aaba1b
      url: "https://pub.dev"
    source: hosted
    version: "1.0.0"
  email_otp:
    dependency: "direct main"
    description:
      name: email_otp
      sha256: "9dffec5e7b277719d6ba5c66cb35f9e4d76d7283644462dbc645a747003e664b"
      url: "https://pub.dev"
    source: hosted
    version: "1.0.4"
  encrypt:
    dependency: transitive
    description:
      name: encrypt
      sha256: "4fd4e4fdc21b9d7d4141823e1e6515cd94e7b8d84749504c232999fba25d9bbb"
      url: "https://pub.dev"
    source: hosted
    version: "5.0.1"
  equatable:
    dependency: transitive
    description:
      name: equatable
      sha256: c2b87cb7756efdf69892005af546c56c0b5037f54d2a88269b4f347a505e3ca2
      url: "https://pub.dev"
    source: hosted
    version: "2.0.5"
  excel:
    dependency: "direct main"
    description:
      name: excel
      sha256: a637cecff4f20ff9c0e7d7b223af2ece252b8a31f018f9d46d4da88440c72c3c
      url: "https://pub.dev"
    source: hosted
    version: "2.0.1"
  excel_dart:
    dependency: "direct main"
    description:
      name: excel_dart
      sha256: "4f33f774e8b0f2c85e3f1d0e6b709e88c2050972283d02cc010ae4966a94a1d0"
      url: "https://pub.dev"
    source: hosted
    version: "3.0.0"
  expandable_datatable:
    dependency: "direct main"
    description:
      name: expandable_datatable
      sha256: "4b28790f805774d9741950d2c42a682bfe7594410c40c5b04778986a5c61f9a3"
      url: "https://pub.dev"
    source: hosted
    version: "0.0.6"
  fake_async:
    dependency: transitive
    description:
      name: fake_async
      sha256: "511392330127add0b769b75a987850d136345d9227c6b94c96a04cf4a391bf78"
      url: "https://pub.dev"
    source: hosted
    version: "1.3.1"
  ffi:
    dependency: transitive
    description:
      name: ffi
      sha256: a38574032c5f1dd06c4aee541789906c12ccaab8ba01446e800d9c5b79c4a978
      url: "https://pub.dev"
    source: hosted
    version: "2.0.1"
  file:
    dependency: transitive
    description:
      name: file
      sha256: "1b92bec4fc2a72f59a8e15af5f52cd441e4a7860b49499d69dfa817af20e925d"
      url: "https://pub.dev"
    source: hosted
    version: "6.1.4"
  file_cryptor:
    dependency: "direct main"
    description:
      name: file_cryptor
      sha256: "2b15113fe29f79eb95c7eb60c46baac9cfdfc944e2517c57ec2a05c2158b2f5e"
      url: "https://pub.dev"
    source: hosted
    version: "0.0.3"
  file_picker:
    dependency: "direct main"
    description:
      name: file_picker
      sha256: ecf52f978e72763ede54a93271318bbbca65a2be2d9ff658ec8ca4ea3a23d7ef
      url: "https://pub.dev"
    source: hosted
    version: "5.2.4"
  file_saver:
    dependency: "direct main"
    description:
      name: file_saver
      sha256: "9efc615b43127952aa394e98b23d9e932715e8c008dc10710177008882b3d141"
      url: "https://pub.dev"
    source: hosted
    version: "0.1.1"
  fine_bar_chart:
    dependency: "direct main"
    description:
      name: fine_bar_chart
      sha256: f27688df3acf5191c99c788e6736c622c2988665465fe83328f654fb2f18e51d
      url: "https://pub.dev"
    source: hosted
    version: "0.0.3"
  fl_pin_code:
    dependency: "direct main"
    description:
      name: fl_pin_code
      sha256: "67e53020a50f6546151d207a905ccb80514ee438f699e76b151a83132df39c31"
      url: "https://pub.dev"
    source: hosted
    version: "0.0.9"
  flutter:
    dependency: "direct main"
    description: flutter
    source: sdk
    version: "0.0.0"
  flutter_admin_scaffold:
    dependency: "direct main"
    description:
      name: flutter_admin_scaffold
      sha256: "82b21164a7ccfa32d4e6fe8ca41699b98adeb91a6400e3e90eb3a488730b7a95"
      url: "https://pub.dev"
    source: hosted
    version: "1.1.2"
  flutter_animation_progress_bar:
    dependency: transitive
    description:
      name: flutter_animation_progress_bar
      sha256: "85f05404faeef7141b1c5b53571293fc19359c120c4aea4430b2b7d808461d09"
      url: "https://pub.dev"
    source: hosted
    version: "2.3.1"
  flutter_easy_table:
    dependency: "direct main"
    description:
      name: flutter_easy_table
      sha256: d3f61b8cb9fc9d8b038fe1c5ce5ff48c0cd80eedb559229f029476e10ce091ef
      url: "https://pub.dev"
    source: hosted
    version: "0.0.1+1"
  flutter_file_dialog:
    dependency: "direct main"
    description:
      name: flutter_file_dialog
      sha256: "94c4bc7c2e52fa6b73f4ff2f12e790b47a2564270c4c5b4a3b1d33b8d7236590"
      url: "https://pub.dev"
    source: hosted
    version: "3.0.0"
  flutter_limited_checkbox:
    dependency: "direct main"
    description:
      name: flutter_limited_checkbox
      sha256: "0bbcf10c88810969a68e37c7b50aabb4ea09147b343f858d61dbc8cee8fe671f"
      url: "https://pub.dev"
    source: hosted
    version: "0.0.1"
  flutter_lints:
    dependency: "direct dev"
    description:
      name: flutter_lints
      sha256: aeb0b80a8b3709709c9cc496cdc027c5b3216796bc0af0ce1007eaf24464fd4c
      url: "https://pub.dev"
    source: hosted
    version: "2.0.1"
  flutter_localizations:
    dependency: "direct main"
    description: flutter
    source: sdk
    version: "0.0.0"
  flutter_multi_formatter:
    dependency: "direct main"
    description:
      name: flutter_multi_formatter
      sha256: "287ebe691f39b2bc5062b065adb01220b44bbf2513571ebf280398c1d6da2aa5"
      url: "https://pub.dev"
    source: hosted
    version: "2.10.2"
  flutter_plugin_android_lifecycle:
    dependency: transitive
    description:
      name: flutter_plugin_android_lifecycle
      sha256: "60fc7b78455b94e6de2333d2f95196d32cf5c22f4b0b0520a628804cb463503b"
      url: "https://pub.dev"
    source: hosted
    version: "2.0.7"
  flutter_test:
    dependency: "direct dev"
    description: flutter
    source: sdk
    version: "0.0.0"
  flutter_web_plugins:
    dependency: transitive
    description: flutter
    source: sdk
    version: "0.0.0"
  font_awesome_flutter:
    dependency: "direct main"
    description:
      name: font_awesome_flutter
      sha256: "875dbb9ec1ad30d68102019ceb682760d06c72747c1c5b7885781b95f88569cc"
      url: "https://pub.dev"
    source: hosted
    version: "10.3.0"
  group_radio_button:
    dependency: "direct main"
    description:
      name: group_radio_button
      sha256: "204de8d16b224be7fc72dade0c3afd410ff5a34417d89f74f0fd8be7a8c2b4d6"
      url: "https://pub.dev"
    source: hosted
    version: "1.3.0"
  grouped_buttons_ns:
    dependency: "direct main"
    description:
      name: grouped_buttons_ns
      sha256: "99ff9ae946633faf455c97d3920ff486ad211a3d9e5fd725ee06d54411b6289c"
      url: "https://pub.dev"
    source: hosted
    version: "1.0.0"
  hand_signature:
    dependency: "direct main"
    description:
      name: hand_signature
      sha256: "69cc5a978a5a15dfc1fabb01c097efcf91e9af2006475e48bb8f2560db368a97"
      url: "https://pub.dev"
    source: hosted
    version: "3.0.1"
  http:
    dependency: "direct main"
    description:
      name: http
      sha256: "6aa2946395183537c8b880962d935877325d6a09a2867c3970c05c0fed6ac482"
      url: "https://pub.dev"
    source: hosted
    version: "0.13.5"
  http_parser:
    dependency: "direct main"
    description:
      name: http_parser
      sha256: "2aa08ce0341cc9b354a498388e30986515406668dbcc4f7c950c3e715496693b"
      url: "https://pub.dev"
    source: hosted
    version: "4.0.2"
  iconsax:
    dependency: "direct main"
    description:
      name: iconsax
      sha256: fb0144c61f41f3f8a385fadc27783ea9f5359670be885ed7f35cef32565d5228
      url: "https://pub.dev"
    source: hosted
    version: "0.0.8"
  im_stepper:
    dependency: "direct main"
    description:
      name: im_stepper
      sha256: "84ca411f7c4666cb8762a6dd6eec0353c96c67f674124614263875d0570ca634"
      url: "https://pub.dev"
    source: hosted
    version: "1.0.1+1"
  image:
    dependency: transitive
    description:
      name: image
      sha256: "8e9d133755c3e84c73288363e6343157c383a0c6c56fc51afcc5d4d7180306d6"
      url: "https://pub.dev"
    source: hosted
    version: "3.3.0"
  image_picker:
    dependency: "direct main"
    description:
      name: image_picker
      sha256: a8f2f0aed50c03230ab37e93ca2905c50b6c4097245345956eb24a88f45328cd
      url: "https://pub.dev"
    source: hosted
    version: "0.8.6"
  image_picker_android:
    dependency: transitive
    description:
      name: image_picker_android
      sha256: b22718074bcecfd0d5008e5fe1ab89db157e125c015b0776ab57ce2160167b82
      url: "https://pub.dev"
    source: hosted
    version: "0.8.5+4"
  image_picker_for_web:
    dependency: transitive
    description:
      name: image_picker_for_web
      sha256: "7d319fb74955ca46d9bf7011497860e3923bb67feebcf068f489311065863899"
      url: "https://pub.dev"
    source: hosted
    version: "2.1.10"
  image_picker_ios:
    dependency: transitive
    description:
      name: image_picker_ios
      sha256: "356426b01c5acd493db244dd6122e9864ef712d4f97b1bfa8cf29809efc06d8b"
      url: "https://pub.dev"
    source: hosted
    version: "0.8.6+5"
  image_picker_platform_interface:
    dependency: transitive
    description:
      name: image_picker_platform_interface
      sha256: "7cef2f28f4f2fef99180f636c3d446b4ccbafd6ba0fad2adc9a80c4040f656b8"
      url: "https://pub.dev"
    source: hosted
    version: "2.6.2"
  intl:
    dependency: "direct main"
    description:
      name: intl
      sha256: "910f85bce16fb5c6f614e117efa303e85a1731bb0081edf3604a2ae6e9a3cc91"
      url: "https://pub.dev"
    source: hosted
    version: "0.17.0"
  jiffy:
    dependency: transitive
    description:
      name: jiffy
      sha256: "85172c4fc975a50224521c05bf43abc845288863b19d91bd3c221a96a8785dd3"
      url: "https://pub.dev"
    source: hosted
    version: "5.0.0"
  js:
    dependency: transitive
    description:
      name: js
      sha256: "5528c2f391ededb7775ec1daa69e65a2d61276f7552de2b5f7b8d34ee9fd4ab7"
      url: "https://pub.dev"
    source: hosted
    version: "0.6.5"
  lints:
    dependency: transitive
    description:
      name: lints
      sha256: "5e4a9cd06d447758280a8ac2405101e0e2094d2a1dbdd3756aec3fe7775ba593"
      url: "https://pub.dev"
    source: hosted
    version: "2.0.1"
  listview_ex:
    dependency: "direct main"
    description:
      name: listview_ex
      sha256: "1129d66b50ce0daae4a5d4d1bc014063f5c4cf13ab950298fa5ea6a7d2ca0942"
      url: "https://pub.dev"
    source: hosted
    version: "0.0.2"
  logging:
    dependency: transitive
    description:
      name: logging
      sha256: c0bbfe94d46aedf9b8b3e695cf3bd48c8e14b35e3b2c639e0aa7755d589ba946
      url: "https://pub.dev"
    source: hosted
    version: "1.1.0"
  matcher:
    dependency: transitive
    description:
      name: matcher
      sha256: "16db949ceee371e9b99d22f88fa3a73c4e59fd0afed0bd25fc336eb76c198b72"
      url: "https://pub.dev"
    source: hosted
    version: "0.12.13"
  material_color_utilities:
    dependency: transitive
    description:
      name: material_color_utilities
      sha256: d92141dc6fe1dad30722f9aa826c7fbc896d021d792f80678280601aff8cf724
      url: "https://pub.dev"
    source: hosted
    version: "0.2.0"
  meta:
    dependency: transitive
    description:
      name: meta
      sha256: "6c268b42ed578a53088d834796959e4a1814b5e9e164f147f580a386e5decf42"
      url: "https://pub.dev"
    source: hosted
    version: "1.8.0"
  mysql1:
    dependency: "direct main"
    description:
      name: mysql1
      sha256: "68aec7003d2abc85769bafa1777af3f4a390a90c31032b89636758ff8eb839e9"
      url: "https://pub.dev"
    source: hosted
    version: "0.20.0"
  path:
    dependency: transitive
    description:
      name: path
      sha256: db9d4f58c908a4ba5953fcee2ae317c94889433e5024c27ce74a37f94267945b
      url: "https://pub.dev"
    source: hosted
    version: "1.8.2"
  path_parsing:
    dependency: transitive
    description:
      name: path_parsing
      sha256: e3e67b1629e6f7e8100b367d3db6ba6af4b1f0bb80f64db18ef1fbabd2fa9ccf
      url: "https://pub.dev"
    source: hosted
    version: "1.0.1"
  path_provider:
    dependency: "direct main"
    description:
      name: path_provider
      sha256: "050e8e85e4b7fecdf2bb3682c1c64c4887a183720c802d323de8a5fd76d372dd"
      url: "https://pub.dev"
    source: hosted
    version: "2.0.11"
  path_provider_android:
    dependency: transitive
    description:
      name: path_provider_android
      sha256: a776c088d671b27f6e3aa8881d64b87b3e80201c64e8869b811325de7a76c15e
      url: "https://pub.dev"
    source: hosted
    version: "2.0.22"
  path_provider_ios:
    dependency: transitive
    description:
      name: path_provider_ios
      sha256: "03d639406f5343478352433f00d3c4394d52dac8df3d847869c5e2333e0bbce8"
      url: "https://pub.dev"
    source: hosted
    version: "2.0.11"
  path_provider_linux:
    dependency: transitive
    description:
      name: path_provider_linux
      sha256: ab0987bf95bc591da42dffb38c77398fc43309f0b9b894dcc5d6f40c4b26c379
      url: "https://pub.dev"
    source: hosted
    version: "2.1.7"
  path_provider_macos:
    dependency: transitive
    description:
      name: path_provider_macos
      sha256: cd57cb98a30ce9d12fdd1896d9d3b0517ce689f942de6ccd2708cd39b3d18a7c
      url: "https://pub.dev"
    source: hosted
    version: "2.0.7"
  path_provider_platform_interface:
    dependency: transitive
    description:
      name: path_provider_platform_interface
      sha256: f0abc8ebd7253741f05488b4813d936b4d07c6bae3e86148a09e342ee4b08e76
      url: "https://pub.dev"
    source: hosted
    version: "2.0.5"
  path_provider_windows:
    dependency: transitive
    description:
      name: path_provider_windows
      sha256: bcabbe399d4042b8ee687e17548d5d3f527255253b4a639f5f8d2094a9c2b45c
      url: "https://pub.dev"
    source: hosted
    version: "2.1.3"
  pdf:
    dependency: "direct main"
    description:
      name: pdf
      sha256: "10659b915e65832b106f6d1d213e09b789cc1f24bf282ee911e49db35b96be4d"
      url: "https://pub.dev"
    source: hosted
    version: "3.8.4"
  pdfjs:
    dependency: "direct main"
    description:
      name: pdfjs
      sha256: ffe6b430fabbfea79c3c2e9b69eca4470108322aee84903b34e81e99d2d9e3de
      url: "https://pub.dev"
    source: hosted
    version: "2.5.207+3"
  permission_handler:
    dependency: "direct main"
    description:
      name: permission_handler
      sha256: "33c6a1253d1f95fd06fa74b65b7ba907ae9811f9d5c1d3150e51417d04b8d6a8"
      url: "https://pub.dev"
    source: hosted
    version: "10.2.0"
  permission_handler_android:
    dependency: transitive
    description:
      name: permission_handler_android
      sha256: "8028362b40c4a45298f1cbfccd227c8dd6caf0e27088a69f2ba2ab15464159e2"
      url: "https://pub.dev"
    source: hosted
    version: "10.2.0"
  permission_handler_apple:
    dependency: transitive
    description:
      name: permission_handler_apple
      sha256: "9c370ef6a18b1c4b2f7f35944d644a56aa23576f23abee654cf73968de93f163"
      url: "https://pub.dev"
    source: hosted
    version: "9.0.7"
  permission_handler_platform_interface:
    dependency: transitive
    description:
      name: permission_handler_platform_interface
      sha256: "68abbc472002b5e6dfce47fe9898c6b7d8328d58b5d2524f75e277c07a97eb84"
      url: "https://pub.dev"
    source: hosted
    version: "3.9.0"
  permission_handler_windows:
    dependency: transitive
    description:
      name: permission_handler_windows
      sha256: f67cab14b4328574938ecea2db3475dad7af7ead6afab6338772c5f88963e38b
      url: "https://pub.dev"
    source: hosted
    version: "0.1.2"
  petitparser:
    dependency: transitive
    description:
      name: petitparser
      sha256: "49392a45ced973e8d94a85fdb21293fbb40ba805fc49f2965101ae748a3683b4"
      url: "https://pub.dev"
    source: hosted
    version: "5.1.0"
  platform:
    dependency: transitive
    description:
      name: platform
      sha256: "4a451831508d7d6ca779f7ac6e212b4023dd5a7d08a27a63da33756410e32b76"
      url: "https://pub.dev"
    source: hosted
    version: "3.1.0"
  plugin_platform_interface:
    dependency: transitive
    description:
      name: plugin_platform_interface
      sha256: dbf0f707c78beedc9200146ad3cb0ab4d5da13c246336987be6940f026500d3a
      url: "https://pub.dev"
    source: hosted
    version: "2.1.3"
  pluto_grid:
    dependency: "direct main"
    description:
      name: pluto_grid
      sha256: "6c6238b6e6a85da8bcc75b61e093577f451151401d0c66d3209202b86e7e16a3"
      url: "https://pub.dev"
    source: hosted
    version: "5.4.8"
  pointer_interceptor:
    dependency: transitive
    description:
      name: pointer_interceptor
      sha256: "6aa680b30d96dccef496933d00208ad25f07e047f644dc98ce03ec6141633a9a"
      url: "https://pub.dev"
    source: hosted
    version: "0.9.3+4"
  pointycastle:
    dependency: transitive
    description:
      name: pointycastle
      sha256: db7306cf0249f838d1a24af52b5a5887c5bf7f31d8bb4e827d071dc0939ad346
      url: "https://pub.dev"
    source: hosted
    version: "3.6.2"
  pool:
    dependency: transitive
    description:
      name: pool
      sha256: "20fe868b6314b322ea036ba325e6fc0711a22948856475e2c2b6306e8ab39c2a"
      url: "https://pub.dev"
    source: hosted
    version: "1.5.1"
  printing:
    dependency: "direct main"
    description:
      name: printing
      sha256: "4df9e22bd4cb2ecea67183e5b328711b10276127b8878d9d5cb60ccd4c24a77c"
      url: "https://pub.dev"
    source: hosted
    version: "5.9.3"
  printx:
    dependency: transitive
    description:
      name: printx
      sha256: "9216a2deb51e6524c9da569e5122b2fbd1996f15f4935ed627674b79bed794c2"
      url: "https://pub.dev"
    source: hosted
    version: "0.0.1"
  process:
    dependency: transitive
    description:
      name: process
      sha256: "53fd8db9cec1d37b0574e12f07520d582019cb6c44abf5479a01505099a34a09"
      url: "https://pub.dev"
    source: hosted
    version: "4.2.4"
  qr:
    dependency: transitive
    description:
      name: qr
      sha256: "64957a3930367bf97cc211a5af99551d630f2f4625e38af10edd6b19131b64b3"
      url: "https://pub.dev"
    source: hosted
    version: "3.0.1"
  quiver:
    dependency: transitive
    description:
      name: quiver
      sha256: b1c1ac5ce6688d77f65f3375a9abb9319b3cb32486bdc7a1e0fdf004d7ba4e47
      url: "https://pub.dev"
    source: hosted
    version: "3.2.1"
  radio_grouped_buttons:
    dependency: "direct main"
    description:
      name: radio_grouped_buttons
      sha256: "0237e0819faff03b3911c0658b50a81ec490c91c688ddfc1efea8803d2f04187"
      url: "https://pub.dev"
    source: hosted
    version: "1.0.1"
  random_string:
    dependency: "direct main"
    description:
      name: random_string
      sha256: "03b52435aae8cbdd1056cf91bfc5bf845e9706724dd35ae2e99fa14a1ef79d02"
      url: "https://pub.dev"
    source: hosted
    version: "2.3.1"
  responsive_grid_list:
    dependency: "direct main"
    description:
      name: responsive_grid_list
      sha256: "57843dff608112ed5490a52c8054f3061d1e3c385ac848574f77a5f8d307f4fc"
      url: "https://pub.dev"
    source: hosted
    version: "1.3.0"
  responsive_table:
    dependency: "direct main"
    description:
      name: responsive_table
      sha256: a1dae0478e5adee5ceaabb187e57ce56c671a7827ad70f0933006563ee87e51a
      url: "https://pub.dev"
    source: hosted
    version: "0.2.0+2"
  rxdart:
    dependency: transitive
    description:
      name: rxdart
      sha256: "0c7c0cedd93788d996e33041ffecda924cc54389199cde4e6a34b440f50044cb"
      url: "https://pub.dev"
    source: hosted
    version: "0.27.7"
  scroll_pos:
    dependency: "direct main"
    description:
      name: scroll_pos
      sha256: cfca311b6b8d51538ff90e206fbe6ce3b36e7125ea6da4a40eb626c7f9f083b1
      url: "https://pub.dev"
    source: hosted
    version: "0.3.0"
  shared_preferences:
    dependency: "direct main"
    description:
      name: shared_preferences
      sha256: "76917b7d4b9526b2ba416808a7eb9fb2863c1a09cf63ec85f1453da240fa818a"
      url: "https://pub.dev"
    source: hosted
    version: "2.0.15"
  shared_preferences_android:
    dependency: transitive
    description:
      name: shared_preferences_android
      sha256: "8e251f3c986002b65fed6396bce81f379fb63c27317d49743cf289fd0fd1ab97"
      url: "https://pub.dev"
    source: hosted
    version: "2.0.14"
  shared_preferences_ios:
    dependency: transitive
    description:
      name: shared_preferences_ios
      sha256: "585a14cefec7da8c9c2fb8cd283a3bb726b4155c0952afe6a0caaa7b2272de34"
      url: "https://pub.dev"
    source: hosted
    version: "2.1.1"
  shared_preferences_linux:
    dependency: transitive
    description:
      name: shared_preferences_linux
      sha256: fbc3cd6826896b66a5f576b025e4f344f780c84ea7f8203097a353370607a2c8
      url: "https://pub.dev"
    source: hosted
    version: "2.1.2"
  shared_preferences_macos:
    dependency: transitive
    description:
      name: shared_preferences_macos
      sha256: fbb94bf296576f49be37a1496d5951796211a8db0aa22cc0d68c46440dad808c
      url: "https://pub.dev"
    source: hosted
    version: "2.0.4"
  shared_preferences_platform_interface:
    dependency: transitive
    description:
      name: shared_preferences_platform_interface
      sha256: da9431745ede5ece47bc26d5d73a9d3c6936ef6945c101a5aca46f62e52c1cf3
      url: "https://pub.dev"
    source: hosted
    version: "2.1.0"
  shared_preferences_web:
    dependency: transitive
    description:
      name: shared_preferences_web
      sha256: a4b5bc37fe1b368bbc81f953197d55e12f49d0296e7e412dfe2d2d77d6929958
      url: "https://pub.dev"
    source: hosted
    version: "2.0.4"
  shared_preferences_windows:
    dependency: transitive
    description:
      name: shared_preferences_windows
      sha256: "07c274c2115d4d5e4280622abb09f0980e2c5b1fcdc98ae9f59a3bad5bfc1f26"
      url: "https://pub.dev"
    source: hosted
    version: "2.1.2"
  side_sheet:
    dependency: "direct main"
    description:
      name: side_sheet
      sha256: bc593ea8b318910df766381bbd723a0674bf35423119b65bd13ff64d99000857
      url: "https://pub.dev"
    source: hosted
    version: "1.0.3"
  sky_engine:
    dependency: transitive
    description: flutter
    source: sdk
    version: "0.0.99"
  slide_switcher:
    dependency: "direct main"
    description:
      name: slide_switcher
      sha256: "5fda4741919814b33971d12392f24edc92c5b39b8656367b38a19d4c578be4f4"
      url: "https://pub.dev"
    source: hosted
    version: "1.1.2"
  source_span:
    dependency: transitive
    description:
      name: source_span
      sha256: dd904f795d4b4f3b870833847c461801f6750a9fa8e61ea5ac53f9422b31f250
      url: "https://pub.dev"
    source: hosted
    version: "1.9.1"
  stack_trace:
    dependency: transitive
    description:
      name: stack_trace
      sha256: c3c7d8edb15bee7f0f74debd4b9c5f3c2ea86766fe4178eb2a18eb30a0bdaed5
      url: "https://pub.dev"
    source: hosted
    version: "1.11.0"
  stream_channel:
    dependency: transitive
    description:
      name: stream_channel
      sha256: "83615bee9045c1d322bbbd1ba209b7a749c2cbcdcb3fdd1df8eb488b3279c1c8"
      url: "https://pub.dev"
    source: hosted
    version: "2.1.1"
  string_scanner:
    dependency: transitive
    description:
      name: string_scanner
      sha256: "556692adab6cfa87322a115640c11f13cb77b3f076ddcc5d6ae3c20242bedcde"
      url: "https://pub.dev"
    source: hosted
    version: "1.2.0"
  syncfusion_flutter_core:
    dependency: transitive
    description:
      name: syncfusion_flutter_core
      sha256: "4319454a92fe5aea1e90ff68c17703a39517ab05dd3074c34c9553e5f7cbf414"
      url: "https://pub.dev"
    source: hosted
    version: "20.4.52"
  syncfusion_flutter_datagrid:
    dependency: transitive
    description:
      name: syncfusion_flutter_datagrid
      sha256: c08f993a04c379d2d02912a1ecec26e50ac24a8e8d73b92c32a80b32125f2839
      url: "https://pub.dev"
    source: hosted
    version: "20.4.43"
  syncfusion_flutter_datagrid_export:
    dependency: "direct main"
    description:
      name: syncfusion_flutter_datagrid_export
      sha256: d88a4382bbbe321f88af502a3564dd873697fc4b263262213c2527943ce77afe
      url: "https://pub.dev"
    source: hosted
    version: "20.4.43-beta"
  syncfusion_flutter_pdf:
    dependency: "direct main"
    description:
      name: syncfusion_flutter_pdf
      sha256: "16818789a55ffb28ffc2e9919c5861333b5a20a02c41f82298faef228b4421e3"
      url: "https://pub.dev"
    source: hosted
    version: "20.4.51"
  syncfusion_flutter_pdfviewer:
    dependency: "direct main"
    description:
      name: syncfusion_flutter_pdfviewer
      sha256: "3fe3cfc7d95b73eacfecd6956cacc840cc35fde7e2a306a207056e0ecf797516"
      url: "https://pub.dev"
    source: hosted
    version: "20.4.51"
  syncfusion_flutter_signaturepad:
    dependency: "direct main"
    description:
      name: syncfusion_flutter_signaturepad
      sha256: "66377ade68fbcc0dfd44a19a575ba13650c1b28634095418408f9358ac14073b"
      url: "https://pub.dev"
    source: hosted
    version: "20.4.52"
  syncfusion_flutter_xlsio:
    dependency: "direct main"
    description:
      name: syncfusion_flutter_xlsio
      sha256: ea1a931b5c3cb59c762657fda406f13710fcea58b9eacfb48a4f7dbd82818702
      url: "https://pub.dev"
    source: hosted
    version: "20.4.43-beta"
  syncfusion_officecore:
    dependency: transitive
    description:
      name: syncfusion_officecore
      sha256: f8aefb9eab8d7854a8a72b08d84996e61ceeccce600ac4dcefc12b8ceadd6ef3
      url: "https://pub.dev"
    source: hosted
    version: "20.4.43-beta"
  syncfusion_pdfviewer_macos:
    dependency: transitive
    description:
      name: syncfusion_pdfviewer_macos
      sha256: f4c75e7a627521f612359bb36fa9bc9667c59331210f373102a3bd775a03c883
      url: "https://pub.dev"
    source: hosted
    version: "20.4.51"
  syncfusion_pdfviewer_platform_interface:
    dependency: transitive
    description:
      name: syncfusion_pdfviewer_platform_interface
      sha256: "834f7b07c478b898c8d21ee03852a604444cd88d3899860d3a1fb8ea60bdde54"
      url: "https://pub.dev"
    source: hosted
    version: "20.4.51"
  syncfusion_pdfviewer_web:
    dependency: transitive
    description:
      name: syncfusion_pdfviewer_web
      sha256: f56e4686d56c780d9bfddc618457b2a9bb592b2a3d241182cb83cf304d2b636e
      url: "https://pub.dev"
    source: hosted
    version: "20.4.51"
  syncfusion_pdfviewer_windows:
    dependency: transitive
    description:
      name: syncfusion_pdfviewer_windows
      sha256: fac0a5c363614aa85e322deed51a35050e3a41d3b4c50cf88b6b7997999f5fc8
      url: "https://pub.dev"
    source: hosted
    version: "20.4.51"
  tap_debouncer:
    dependency: "direct main"
    description:
      name: tap_debouncer
      sha256: d9501e53b2e7f75cca5ad653588c2cb6bafb1e6bdcb36dcf70be4e2e44009fbd
      url: "https://pub.dev"
    source: hosted
    version: "2.0.2"
  term_glyph:
    dependency: transitive
    description:
      name: term_glyph
      sha256: a29248a84fbb7c79282b40b8c72a1209db169a2e0542bce341da992fe1bc7e84
      url: "https://pub.dev"
    source: hosted
    version: "1.2.1"
  test_api:
    dependency: transitive
    description:
      name: test_api
      sha256: ad540f65f92caa91bf21dfc8ffb8c589d6e4dc0c2267818b4cc2792857706206
      url: "https://pub.dev"
    source: hosted
    version: "0.4.16"
  timer_builder:
    dependency: "direct main"
    description:
      name: timer_builder
      sha256: "67c5653a8d9f6ce62fe9121e520736e9da74418a919fe1c0e181b5d2627dbc4a"
      url: "https://pub.dev"
    source: hosted
    version: "2.0.0"
  typed_data:
    dependency: transitive
    description:
      name: typed_data
      sha256: "26f87ade979c47a150c9eaab93ccd2bebe70a27dc0b4b29517f2904f04eb11a5"
      url: "https://pub.dev"
    source: hosted
    version: "1.3.1"
  url_launcher:
    dependency: transitive
    description:
      name: url_launcher
      sha256: "75f2846facd11168d007529d6cd8fcb2b750186bea046af9711f10b907e1587e"
      url: "https://pub.dev"
    source: hosted
    version: "6.1.10"
  url_launcher_android:
    dependency: transitive
    description:
      name: url_launcher_android
      sha256: "1f4d9ebe86f333c15d318f81dcdc08b01d45da44af74552608455ebdc08d9732"
      url: "https://pub.dev"
    source: hosted
    version: "6.0.24"
  url_launcher_ios:
    dependency: transitive
    description:
      name: url_launcher_ios
      sha256: c9cd648d2f7ab56968e049d4e9116f96a85517f1dd806b96a86ea1018a3a82e5
      url: "https://pub.dev"
    source: hosted
    version: "6.1.1"
  url_launcher_linux:
    dependency: transitive
    description:
      name: url_launcher_linux
      sha256: e29039160ab3730e42f3d811dc2a6d5f2864b90a70fb765ea60144b03307f682
      url: "https://pub.dev"
    source: hosted
    version: "3.0.3"
  url_launcher_macos:
    dependency: transitive
    description:
      name: url_launcher_macos
      sha256: "2dddb3291a57b074dade66b5e07e64401dd2487caefd4e9e2f467138d8c7eb06"
      url: "https://pub.dev"
    source: hosted
    version: "3.0.3"
  url_launcher_platform_interface:
    dependency: transitive
    description:
      name: url_launcher_platform_interface
      sha256: "6c9ca697a5ae218ce56cece69d46128169a58aa8653c1b01d26fcd4aad8c4370"
      url: "https://pub.dev"
    source: hosted
    version: "2.1.2"
  url_launcher_web:
    dependency: transitive
    description:
      name: url_launcher_web
      sha256: "574cfbe2390666003c3a1d129bdc4574aaa6728f0c00a4829a81c316de69dd9b"
      url: "https://pub.dev"
    source: hosted
    version: "2.0.15"
  url_launcher_windows:
    dependency: transitive
    description:
      name: url_launcher_windows
      sha256: "97c9067950a0d09cbd93e2e3f0383d1403989362b97102fbf446473a48079a4b"
      url: "https://pub.dev"
    source: hosted
    version: "3.0.4"
  uuid:
    dependency: transitive
    description:
      name: uuid
      sha256: "648e103079f7c64a36dc7d39369cabb358d377078a051d6ae2ad3aa539519313"
      url: "https://pub.dev"
    source: hosted
    version: "3.0.7"
  vector_math:
    dependency: transitive
    description:
      name: vector_math
      sha256: "80b3257d1492ce4d091729e3a67a60407d227c27241d6927be0130c98e741803"
      url: "https://pub.dev"
    source: hosted
    version: "2.1.4"
  webview_flutter:
    dependency: transitive
    description:
      name: webview_flutter
      sha256: "6886b3ceef1541109df5001054aade5ee3c36b5780302e41701c78357233721c"
      url: "https://pub.dev"
    source: hosted
    version: "2.8.0"
  webview_flutter_android:
    dependency: transitive
    description:
      name: webview_flutter_android
      sha256: "8b3b2450e98876c70bfcead876d9390573b34b9418c19e28168b74f6cb252dbd"
      url: "https://pub.dev"
    source: hosted
    version: "2.10.4"
  webview_flutter_platform_interface:
    dependency: transitive
    description:
      name: webview_flutter_platform_interface
      sha256: "812165e4e34ca677bdfbfa58c01e33b27fd03ab5fa75b70832d4b7d4ca1fa8cf"
      url: "https://pub.dev"
    source: hosted
    version: "1.9.5"
  webview_flutter_wkwebview:
    dependency: transitive
    description:
      name: webview_flutter_wkwebview
      sha256: a5364369c758892aa487cbf59ea41d9edd10f9d9baf06a94e80f1bd1b4c7bbc0
      url: "https://pub.dev"
    source: hosted
    version: "2.9.5"
  webviewx:
    dependency: "direct main"
    description:
      name: webviewx
      sha256: "51845c6440645279dc9245876743a05d19233421b19e45c7519b13bd6c647b82"
      url: "https://pub.dev"
    source: hosted
    version: "0.2.2"
  win32:
    dependency: transitive
    description:
      name: win32
      sha256: c9ebe7ee4ab0c2194e65d3a07d8c54c5d00bb001b76081c4a04cdb8448b59e46
      url: "https://pub.dev"
    source: hosted
    version: "3.1.3"
  xdg_directories:
    dependency: transitive
    description:
      name: xdg_directories
      sha256: "11541eedefbcaec9de35aa82650b695297ce668662bbd6e3911a7fabdbde589f"
      url: "https://pub.dev"
    source: hosted
    version: "0.2.0+2"
  xml:
    dependency: transitive
    description:
      name: xml
      sha256: ac0e3f4bf00ba2708c33fbabbbe766300e509f8c82dbd4ab6525039813f7e2fb
      url: "https://pub.dev"
    source: hosted
    version: "6.1.0"
sdks:
  dart: ">=2.18.2 <3.0.0"
  flutter: ">=3.3.0"
